// !$*UTF8*$!
{
	archiveVersion = 1;
	classes = {
	};
	objectVersion = 46;
	objects = {

/* Begin PBXBuildFile section */
		FAE9BB2F1D08AE5000E45178 /* AppDelegate.swift in Sources */ = {isa = PBXBuildFile; fileRef = FAE9BB2E1D08AE5000E45178 /* AppDelegate.swift */; };
		FAE9BB311D08AE5000E45178 /* ViewController.swift in Sources */ = {isa = PBXBuildFile; fileRef = FAE9BB301D08AE5000E45178 /* ViewController.swift */; };
		FAE9BB341D08AE5000E45178 /* Main.storyboard in Resources */ = {isa = PBXBuildFile; fileRef = FAE9BB321D08AE5000E45178 /* Main.storyboard */; };
		FAE9BB361D08AE5000E45178 /* Assets.xcassets in Resources */ = {isa = PBXBuildFile; fileRef = FAE9BB351D08AE5000E45178 /* Assets.xcassets */; };
		FAE9BB391D08AE5000E45178 /* LaunchScreen.storyboard in Resources */ = {isa = PBXBuildFile; fileRef = FAE9BB371D08AE5000E45178 /* LaunchScreen.storyboard */; };
/* End PBXBuildFile section */

/* Begin PBXFileReference section */
		FAE9BB2B1D08AE5000E45178 /* Instafilter.app */ = {isa = PBXFileReference; explicitFileType = wrapper.application; includeInIndex = 0; path = Instafilter.app; sourceTree = BUILT_PRODUCTS_DIR; };
		FAE9BB2E1D08AE5000E45178 /* AppDelegate.swift */ = {isa = PBXFileReference; lastKnownFileType = sourcecode.swift; path = AppDelegate.swift; sourceTree = "<group>"; };
		FAE9BB301D08AE5000E45178 /* ViewController.swift */ = {isa = PBXFileReference; lastKnownFileType = sourcecode.swift; path = ViewController.swift; sourceTree = "<group>"; };
		FAE9BB331D08AE5000E45178 /* Base */ = {isa = PBXFileReference; lastKnownFileType = file.storyboard; name = Base; path = Base.lproj/Main.storyboard; sourceTree = "<group>"; };
		FAE9BB351D08AE5000E45178 /* Assets.xcassets */ = {isa = PBXFileReference; lastKnownFileType = folder.assetcatalog; path = Assets.xcassets; sourceTree = "<group>"; };
		FAE9BB381D08AE5000E45178 /* Base */ = {isa = PBXFileReference; lastKnownFileType = file.storyboard; name = Base; path = Base.lproj/LaunchScreen.storyboard; sourceTree = "<group>"; };
		FAE9BB3A1D08AE5000E45178 /* Info.plist */ = {isa = PBXFileReference; lastKnownFileType = text.plist.xml; path = Info.plist; sourceTree = "<group>"; };
/* End PBXFileReference section */

/* Begin PBXFrameworksBuildPhase section */
		FAE9BB281D08AE4F00E45178 /* Frameworks */ = {
			isa = PBXFrameworksBuildPhase;
			buildActionMask = 2147483647;
			files = (
			);
			runOnlyForDeploymentPostprocessing = 0;
		};
/* End PBXFrameworksBuildPhase section */

/* Begin PBXGroup section */
		FAE9BB221D08AE4F00E45178 = {
			isa = PBXGroup;
			children = (
				FAE9BB2D1D08AE5000E45178 /* Instafilter */,
				FAE9BB2C1D08AE5000E45178 /* Products */,
			);
			sourceTree = "<group>";
		};
		FAE9BB2C1D08AE5000E45178 /* Products */ = {
			isa = PBXGroup;
			children = (
				FAE9BB2B1D08AE5000E45178 /* Instafilter.app */,
			);
			name = Products;
			sourceTree = "<group>";
		};
		FAE9BB2D1D08AE5000E45178 /* Instafilter */ = {
			isa = PBXGroup;
			children = (
				FAE9BB2E1D08AE5000E45178 /* AppDelegate.swift */,
				FAE9BB301D08AE5000E45178 /* ViewController.swift */,
				FAE9BB321D08AE5000E45178 /* Main.storyboard */,
				FAE9BB351D08AE5000E45178 /* Assets.xcassets */,
				FAE9BB371D08AE5000E45178 /* LaunchScreen.storyboard */,
				FAE9BB3A1D08AE5000E45178 /* Info.plist */,
			);
			path = Instafilter;
			sourceTree = "<group>";
		};
/* End PBXGroup section */

/* Begin PBXNativeTarget section */
		FAE9BB2A1D08AE4F00E45178 /* Instafilter */ = {
			isa = PBXNativeTarget;
			buildConfigurationList = FAE9BB3D1D08AE5000E45178 /* Build configuration list for PBXNativeTarget "Instafilter" */;
			buildPhases = (
				FAE9BB271D08AE4F00E45178 /* Sources */,
				FAE9BB281D08AE4F00E45178 /* Frameworks */,
				FAE9BB291D08AE4F00E45178 /* Resources */,
			);
			buildRules = (
			);
			dependencies = (
			);
			name = Instafilter;
			productName = Instafilter;
			productReference = FAE9BB2B1D08AE5000E45178 /* Instafilter.app */;
			productType = "com.apple.product-type.application";
		};
/* End PBXNativeTarget section */

/* Begin PBXProject section */
		FAE9BB231D08AE4F00E45178 /* Project object */ = {
			isa = PBXProject;
			attributes = {
				LastSwiftUpdateCheck = 0730;
				LastUpgradeCheck = 0730;
				ORGANIZATIONNAME = "Alex Barcenas";
				TargetAttributes = {
					FAE9BB2A1D08AE4F00E45178 = {
						CreatedOnToolsVersion = 7.3.1;
						DevelopmentTeam = 2ZSXJFDZ3N;
					};
				};
			};
			buildConfigurationList = FAE9BB261D08AE4F00E45178 /* Build configuration list for PBXProject "Instafilter" */;
			compatibilityVersion = "Xcode 3.2";
			developmentRegion = English;
			hasScannedForEncodings = 0;
			knownRegions = (
				en,
				Base,
			);
			mainGroup = FAE9BB221D08AE4F00E45178;
			productRefGroup = FAE9BB2C1D08AE5000E45178 /* Products */;
			projectDirPath = "";
			projectRoot = "";
			targets = (
				FAE9BB2A1D08AE4F00E45178 /* Instafilter */,
			);
		};
/* End PBXProject section */

/* Begin PBXResourcesBuildPhase section */
		FAE9BB291D08AE4F00E45178 /* Resources */ = {
			isa = PBXResourcesBuildPhase;
			buildActionMask = 2147483647;
			files = (
				FAE9BB391D08AE5000E45178 /* LaunchScreen.storyboard in Resources */,
				FAE9BB361D08AE5000E45178 /* Assets.xcassets in Resources */,
				FAE9BB341D08AE5000E45178 /* Main.storyboard in Resources */,
			);
			runOnlyForDeploymentPostprocessing = 0;
		};
/* End PBXResourcesBuildPhase section */

/* Begin PBXSourcesBuildPhase section */
		FAE9BB271D08AE4F00E45178 /* Sources */ = {
			isa = PBXSourcesBuildPhase;
			buildActionMask = 2147483647;
			files = (
				FAE9BB311D08AE5000E45178 /* ViewController.swift in Sources */,
				FAE9BB2F1D08AE5000E45178 /* AppDelegate.swift in Sources */,
			);
			runOnlyForDeploymentPostprocessing = 0;
		};
/* End PBXSourcesBuildPhase section */

/* Begin PBXVariantGroup section */
		FAE9BB321D08AE5000E45178 /* Main.storyboard */ = {
			isa = PBXVariantGroup;
			children = (
				FAE9BB331D08AE5000E45178 /* Base */,
			);
			name = Main.storyboard;
			sourceTree = "<group>";
		};
		FAE9BB371D08AE5000E45178 /* LaunchScreen.storyboard */ = {
			isa = PBXVariantGroup;
			children = (
				FAE9BB381D08AE5000E45178 /* Base */,
			);
			name = LaunchScreen.storyboard;
			sourceTree = "<group>";
		};
/* End PBXVariantGroup section */

/* Begin XCBuildConfiguration section */
		FAE9BB3B1D08AE5000E45178 /* Debug */ = {
			isa = XCBuildConfiguration;
			buildSettings = {
				ALWAYS_SEARCH_USER_PATHS = NO;
				CLANG_ANALYZER_NONNULL = YES;
				CLANG_CXX_LANGUAGE_STANDARD = "gnu++0x";
				CLANG_CXX_LIBRARY = "libc++";
				CLANG_ENABLE_MODULES = YES;
				CLANG_ENABLE_OBJC_ARC = YES;
				CLANG_WARN_BOOL_CONVERSION = YES;
				CLANG_WARN_CONSTANT_CONVERSION = YES;
				CLANG_WARN_DIRECT_OBJC_ISA_USAGE = YES_ERROR;
				CLANG_WARN_EMPTY_BODY = YES;
				CLANG_WARN_ENUM_CONVERSION = YES;
				CLANG_WARN_INT_CONVERSION = YES;
				CLANG_WARN_OBJC_ROOT_CLASS = YES_ERROR;
				CLANG_WARN_UNREACHABLE_CODE = YES;
				CLANG_WARN__DUPLICATE_METHOD_MATCH = YES;
				"CODE_SIGN_IDENTITY[sdk=iphoneos*]" = "iPhone Developer";
				COPY_PHASE_STRIP = NO;
				DEBUG_INFORMATION_FORMAT = dwarf;
				ENABLE_STRICT_OBJC_MSGSEND = YES;
				ENABLE_TESTABILITY = YES;
				GCC_C_LANGUAGE_STANDARD = gnu99;
				GCC_DYNAMIC_NO_PIC = NO;
				GCC_NO_COMMON_BLOCKS = YES;
				GCC_OPTIMIZATION_LEVEL = 0;
				GCC_PREPROCESSOR_DEFINITIONS = (
					"DEBUG=1",
					"$(inherited)",
				);
				GCC_WARN_64_TO_32_BIT_CONVERSION = YES;
				GCC_WARN_ABOUT_RETURN_TYPE = YES_ERROR;
				GCC_WARN_UNDECLARED_SELECTOR = YES;
				GCC_WARN_UNINITIALIZED_AUTOS = YES_AGGRESSIVE;
				GCC_WARN_UNUSED_FUNCTION = YES;
				GCC_WARN_UNUSED_VARIABLE = YES;
				IPHONEOS_DEPLOYMENT_TARGET = 9.3;
				MTL_ENABLE_DEBUG_INFO = YES;
				ONLY_ACTIVE_ARCH = YES;
				SDKROOT = iphoneos;
				SWIFT_OPTIMIZATION_LEVEL = "-Onone";
				TARGETED_DEVICE_FAMILY = "1,2";
			};
			name = Debug;
		};
		FAE9BB3C1D08AE5000E45178 /* Release */ = {
			isa = XCBuildConfiguration;
			buildSettings = {
				ALWAYS_SEARCH_USER_PATHS = NO;
				CLANG_ANALYZER_NONNULL = YES;
				CLANG_CXX_LANGUAGE_STANDARD = "gnu++0x";
				CLANG_CXX_LIBRARY = "libc++";
				CLANG_ENABLE_MODULES = YES;
				CLANG_ENABLE_OBJC_ARC = YES;
				CLANG_WARN_BOOL_CONVERSION = YES;
				CLANG_WARN_CONSTANT_CONVERSION = YES;
				CLANG_WARN_DIRECT_OBJC_ISA_USAGE = YES_ERROR;
				CLANG_WARN_EMPTY_BODY = YES;
				CLANG_WARN_ENUM_CONVERSION = YES;
				CLANG_WARN_INT_CONVERSION = YES;
				CLANG_WARN_OBJC_ROOT_CLASS = YES_ERROR;
				CLANG_WARN_UNREACHABLE_CODE = YES;
				CLANG_WARN__DUPLICATE_METHOD_MATCH = YES;
				"CODE_SIGN_IDENTITY[sdk=iphoneos*]" = "iPhone Developer";
				COPY_PHASE_STRIP = NO;
				DEBUG_INFORMATION_FORMAT = "dwarf-with-dsym";
				ENABLE_NS_ASSERTIONS = NO;
				ENABLE_STRICT_OBJC_MSGSEND = YES;
				GCC_C_LANGUAGE_STANDARD = gnu99;
				GCC_NO_COMMON_BLOCKS = YES;
				GCC_WARN_64_TO_32_BIT_CONVERSION = YES;
				GCC_WARN_ABOUT_RETURN_TYPE = YES_ERROR;
				GCC_WARN_UNDECLARED_SELECTOR = YES;
				GCC_WARN_UNINITIALIZED_AUTOS = YES_AGGRESSIVE;
				GCC_WARN_UNUSED_FUNCTION = YES;
				GCC_WARN_UNUSED_VARIABLE = YES;
				IPHONEOS_DEPLOYMENT_TARGET = 9.3;
				MTL_ENABLE_DEBUG_INFO = NO;
				SDKROOT = iphoneos;
				TARGETED_DEVICE_FAMILY = "1,2";
				VALIDATE_PRODUCT = YES;
			};
			name = Release;
		};
		FAE9BB3E1D08AE5000E45178 /* Debug */ = {
			isa = XCBuildConfiguration;
			buildSettings = {
				ASSETCATALOG_COMPILER_APPICON_NAME = AppIcon;
				INFOPLIST_FILE = Instafilter/Info.plist;
				LD_RUNPATH_SEARCH_PATHS = "$(inherited) @executable_path/Frameworks";
				PRODUCT_BUNDLE_IDENTIFIER = "Alex-Barcenas.Instafilter";
				PRODUCT_NAME = "$(TARGET_NAME)";
			};
			name = Debug;
		};
		FAE9BB3F1D08AE5000E45178 /* Release */ = {
			isa = XCBuildConfiguration;
			buildSettings = {
				ASSETCATALOG_COMPILER_APPICON_NAME = AppIcon;
				INFOPLIST_FILE = Instafilter/Info.plist;
				LD_RUNPATH_SEARCH_PATHS = "$(inherited) @executable_path/Frameworks";
				PRODUCT_BUNDLE_IDENTIFIER = "Alex-Barcenas.Instafilter";
				PRODUCT_NAME = "$(TARGET_NAME)";
			};
			name = Release;
		};
/* End XCBuildConfiguration section */

/* Begin XCConfigurationList section */
		FAE9BB261D08AE4F00E45178 /* Build configuration list for PBXProject "Instafilter" */ = {
			isa = XCConfigurationList;
			buildConfigurations = (
				FAE9BB3B1D08AE5000E45178 /* Debug */,
				FAE9BB3C1D08AE5000E45178 /* Release */,
			);
			defaultConfigurationIsVisible = 0;
			defaultConfigurationName = Release;
		};
		FAE9BB3D1D08AE5000E45178 /* Build configuration list for PBXNativeTarget "Instafilter" */ = {
			isa = XCConfigurationList;
			buildConfigurations = (
				FAE9BB3E1D08AE5000E45178 /* Debug */,
				FAE9BB3F1D08AE5000E45178 /* Release */,
			);
			defaultConfigurationIsVisible = 0;
		};
/* End XCConfigurationList section */
	};
	rootObject = FAE9BB231D08AE4F00E45178 /* Project object */;
}
